// !$*UTF8*$!
{
	archiveVersion = 1;
	classes = {
	};
	objectVersion = 46;
	objects = {

/* Begin PBXBuildFile section */
		495486C41DD0A48D00C10A6F /* main.m in Sources */ = {isa = PBXBuildFile; fileRef = 495486C31DD0A48D00C10A6F /* main.m */; };
		495486C71DD0A48D00C10A6F /* AppDelegate.m in Sources */ = {isa = PBXBuildFile; fileRef = 495486C61DD0A48D00C10A6F /* AppDelegate.m */; };
		495486CA1DD0A48D00C10A6F /* ASViewController.m in Sources */ = {isa = PBXBuildFile; fileRef = 495486C91DD0A48D00C10A6F /* ASViewController.m */; };
		495486CD1DD0A48D00C10A6F /* Main.storyboard in Resources */ = {isa = PBXBuildFile; fileRef = 495486CB1DD0A48D00C10A6F /* Main.storyboard */; };
		495486CF1DD0A48D00C10A6F /* Assets.xcassets in Resources */ = {isa = PBXBuildFile; fileRef = 495486CE1DD0A48D00C10A6F /* Assets.xcassets */; };
		495486D21DD0A48D00C10A6F /* LaunchScreen.storyboard in Resources */ = {isa = PBXBuildFile; fileRef = 495486D01DD0A48D00C10A6F /* LaunchScreen.storyboard */; };
		495486DD1DD0A48D00C10A6F /* WeatherTests.m in Sources */ = {isa = PBXBuildFile; fileRef = 495486DC1DD0A48D00C10A6F /* WeatherTests.m */; };
		495486E81DD0A48D00C10A6F /* WeatherUITests.m in Sources */ = {isa = PBXBuildFile; fileRef = 495486E71DD0A48D00C10A6F /* WeatherUITests.m */; };
		495486FC1DD0B24D00C10A6F /* ASDownloadManager.m in Sources */ = {isa = PBXBuildFile; fileRef = 495486FB1DD0B24D00C10A6F /* ASDownloadManager.m */; };
		495486FF1DD0B70D00C10A6F /* ASStation.m in Sources */ = {isa = PBXBuildFile; fileRef = 495486FE1DD0B70D00C10A6F /* ASStation.m */; };
		495487061DD0E30700C10A6F /* ASStationTableViewCell.m in Sources */ = {isa = PBXBuildFile; fileRef = 495487051DD0E30700C10A6F /* ASStationTableViewCell.m */; };
		4B28C8B44FD1BA407048BE48 /* libPods-Weather.a in Frameworks */ = {isa = PBXBuildFile; fileRef = 10B5F81C27639EC2886C9555 /* libPods-Weather.a */; };
		B1845E2F1DD309B600D34ACA /* ASStationResponse.m in Sources */ = {isa = PBXBuildFile; fileRef = B1845E2E1DD309B600D34ACA /* ASStationResponse.m */; };
		B1845E321DD312FF00D34ACA /* ASTextViewController.m in Sources */ = {isa = PBXBuildFile; fileRef = B1845E311DD312FF00D34ACA /* ASTextViewController.m */; };
/* End PBXBuildFile section */

/* Begin PBXContainerItemProxy section */
		495486D91DD0A48D00C10A6F /* PBXContainerItemProxy */ = {
			isa = PBXContainerItemProxy;
			containerPortal = 495486B71DD0A48D00C10A6F /* Project object */;
			proxyType = 1;
			remoteGlobalIDString = 495486BE1DD0A48D00C10A6F;
			remoteInfo = Weather;
		};
		495486E41DD0A48D00C10A6F /* PBXContainerItemProxy */ = {
			isa = PBXContainerItemProxy;
			containerPortal = 495486B71DD0A48D00C10A6F /* Project object */;
			proxyType = 1;
			remoteGlobalIDString = 495486BE1DD0A48D00C10A6F;
			remoteInfo = Weather;
		};
/* End PBXContainerItemProxy section */

/* Begin PBXFileReference section */
		10B5F81C27639EC2886C9555 /* libPods-Weather.a */ = {isa = PBXFileReference; explicitFileType = archive.ar; includeInIndex = 0; path = "libPods-Weather.a"; sourceTree = BUILT_PRODUCTS_DIR; };
		23B7B94DB4A6AF7AABA903DB /* Pods-Weather.release.xcconfig */ = {isa = PBXFileReference; includeInIndex = 1; lastKnownFileType = text.xcconfig; name = "Pods-Weather.release.xcconfig"; path = "Pods/Target Support Files/Pods-Weather/Pods-Weather.release.xcconfig"; sourceTree = "<group>"; };
		495486BF1DD0A48D00C10A6F /* Weather.app */ = {isa = PBXFileReference; explicitFileType = wrapper.application; includeInIndex = 0; path = Weather.app; sourceTree = BUILT_PRODUCTS_DIR; };
		495486C31DD0A48D00C10A6F /* main.m */ = {isa = PBXFileReference; lastKnownFileType = sourcecode.c.objc; path = main.m; sourceTree = "<group>"; };
		495486C51DD0A48D00C10A6F /* AppDelegate.h */ = {isa = PBXFileReference; lastKnownFileType = sourcecode.c.h; path = AppDelegate.h; sourceTree = "<group>"; };
		495486C61DD0A48D00C10A6F /* AppDelegate.m */ = {isa = PBXFileReference; lastKnownFileType = sourcecode.c.objc; path = AppDelegate.m; sourceTree = "<group>"; };
		495486C81DD0A48D00C10A6F /* ASViewController.h */ = {isa = PBXFileReference; lastKnownFileType = sourcecode.c.h; path = ASViewController.h; sourceTree = "<group>"; };
		495486C91DD0A48D00C10A6F /* ASViewController.m */ = {isa = PBXFileReference; lastKnownFileType = sourcecode.c.objc; path = ASViewController.m; sourceTree = "<group>"; };
		495486CC1DD0A48D00C10A6F /* Base */ = {isa = PBXFileReference; lastKnownFileType = file.storyboard; name = Base; path = Base.lproj/Main.storyboard; sourceTree = "<group>"; };
		495486CE1DD0A48D00C10A6F /* Assets.xcassets */ = {isa = PBXFileReference; lastKnownFileType = folder.assetcatalog; path = Assets.xcassets; sourceTree = "<group>"; };
		495486D11DD0A48D00C10A6F /* Base */ = {isa = PBXFileReference; lastKnownFileType = file.storyboard; name = Base; path = Base.lproj/LaunchScreen.storyboard; sourceTree = "<group>"; };
		495486D31DD0A48D00C10A6F /* Info.plist */ = {isa = PBXFileReference; lastKnownFileType = text.plist.xml; path = Info.plist; sourceTree = "<group>"; };
		495486D81DD0A48D00C10A6F /* WeatherTests.xctest */ = {isa = PBXFileReference; explicitFileType = wrapper.cfbundle; includeInIndex = 0; path = WeatherTests.xctest; sourceTree = BUILT_PRODUCTS_DIR; };
		495486DC1DD0A48D00C10A6F /* WeatherTests.m */ = {isa = PBXFileReference; lastKnownFileType = sourcecode.c.objc; path = WeatherTests.m; sourceTree = "<group>"; };
		495486DE1DD0A48D00C10A6F /* Info.plist */ = {isa = PBXFileReference; lastKnownFileType = text.plist.xml; path = Info.plist; sourceTree = "<group>"; };
		495486E31DD0A48D00C10A6F /* WeatherUITests.xctest */ = {isa = PBXFileReference; explicitFileType = wrapper.cfbundle; includeInIndex = 0; path = WeatherUITests.xctest; sourceTree = BUILT_PRODUCTS_DIR; };
		495486E71DD0A48D00C10A6F /* WeatherUITests.m */ = {isa = PBXFileReference; lastKnownFileType = sourcecode.c.objc; path = WeatherUITests.m; sourceTree = "<group>"; };
		495486E91DD0A48D00C10A6F /* Info.plist */ = {isa = PBXFileReference; lastKnownFileType = text.plist.xml; path = Info.plist; sourceTree = "<group>"; };
		495486FA1DD0B24D00C10A6F /* ASDownloadManager.h */ = {isa = PBXFileReference; fileEncoding = 4; lastKnownFileType = sourcecode.c.h; path = ASDownloadManager.h; sourceTree = "<group>"; };
		495486FB1DD0B24D00C10A6F /* ASDownloadManager.m */ = {isa = PBXFileReference; fileEncoding = 4; lastKnownFileType = sourcecode.c.objc; path = ASDownloadManager.m; sourceTree = "<group>"; };
		495486FD1DD0B70D00C10A6F /* ASStation.h */ = {isa = PBXFileReference; fileEncoding = 4; lastKnownFileType = sourcecode.c.h; path = ASStation.h; sourceTree = "<group>"; };
		495486FE1DD0B70D00C10A6F /* ASStation.m */ = {isa = PBXFileReference; fileEncoding = 4; lastKnownFileType = sourcecode.c.objc; path = ASStation.m; sourceTree = "<group>"; };
		495487041DD0E30700C10A6F /* ASStationTableViewCell.h */ = {isa = PBXFileReference; fileEncoding = 4; lastKnownFileType = sourcecode.c.h; path = ASStationTableViewCell.h; sourceTree = "<group>"; };
		495487051DD0E30700C10A6F /* ASStationTableViewCell.m */ = {isa = PBXFileReference; fileEncoding = 4; lastKnownFileType = sourcecode.c.objc; path = ASStationTableViewCell.m; sourceTree = "<group>"; };
		B1845E2D1DD309B600D34ACA /* ASStationResponse.h */ = {isa = PBXFileReference; fileEncoding = 4; lastKnownFileType = sourcecode.c.h; path = ASStationResponse.h; sourceTree = "<group>"; };
		B1845E2E1DD309B600D34ACA /* ASStationResponse.m */ = {isa = PBXFileReference; fileEncoding = 4; lastKnownFileType = sourcecode.c.objc; path = ASStationResponse.m; sourceTree = "<group>"; };
		B1845E301DD312FF00D34ACA /* ASTextViewController.h */ = {isa = PBXFileReference; fileEncoding = 4; lastKnownFileType = sourcecode.c.h; path = ASTextViewController.h; sourceTree = "<group>"; };
		B1845E311DD312FF00D34ACA /* ASTextViewController.m */ = {isa = PBXFileReference; fileEncoding = 4; lastKnownFileType = sourcecode.c.objc; path = ASTextViewController.m; sourceTree = "<group>"; };
		B3FA80E63E5588D57E4EC711 /* Pods-Weather.debug.xcconfig */ = {isa = PBXFileReference; includeInIndex = 1; lastKnownFileType = text.xcconfig; name = "Pods-Weather.debug.xcconfig"; path = "Pods/Target Support Files/Pods-Weather/Pods-Weather.debug.xcconfig"; sourceTree = "<group>"; };
/* End PBXFileReference section */

/* Begin PBXFrameworksBuildPhase section */
		495486BC1DD0A48D00C10A6F /* Frameworks */ = {
			isa = PBXFrameworksBuildPhase;
			buildActionMask = 2147483647;
			files = (
				4B28C8B44FD1BA407048BE48 /* libPods-Weather.a in Frameworks */,
			);
			runOnlyForDeploymentPostprocessing = 0;
		};
		495486D51DD0A48D00C10A6F /* Frameworks */ = {
			isa = PBXFrameworksBuildPhase;
			buildActionMask = 2147483647;
			files = (
			);
			runOnlyForDeploymentPostprocessing = 0;
		};
		495486E01DD0A48D00C10A6F /* Frameworks */ = {
			isa = PBXFrameworksBuildPhase;
			buildActionMask = 2147483647;
			files = (
			);
			runOnlyForDeploymentPostprocessing = 0;
		};
/* End PBXFrameworksBuildPhase section */

/* Begin PBXGroup section */
		495486B61DD0A48D00C10A6F = {
			isa = PBXGroup;
			children = (
				495486C11DD0A48D00C10A6F /* Weather */,
				495486DB1DD0A48D00C10A6F /* WeatherTests */,
				495486E61DD0A48D00C10A6F /* WeatherUITests */,
				495486C01DD0A48D00C10A6F /* Products */,
				5B91E6262C7964203407AD05 /* Pods */,
				F94F39FF4CC881562BAB00F0 /* Frameworks */,
			);
			sourceTree = "<group>";
		};
		495486C01DD0A48D00C10A6F /* Products */ = {
			isa = PBXGroup;
			children = (
				495486BF1DD0A48D00C10A6F /* Weather.app */,
				495486D81DD0A48D00C10A6F /* WeatherTests.xctest */,
				495486E31DD0A48D00C10A6F /* WeatherUITests.xctest */,
			);
			name = Products;
			sourceTree = "<group>";
		};
		495486C11DD0A48D00C10A6F /* Weather */ = {
			isa = PBXGroup;
			children = (
				495486F91DD0B20500C10A6F /* View */,
				495486F81DD0B1F600C10A6F /* Controller */,
				495486F61DD0B1DD00C10A6F /* Model */,
				495486F51DD0B1D200C10A6F /* API */,
				495486C51DD0A48D00C10A6F /* AppDelegate.h */,
				495486C61DD0A48D00C10A6F /* AppDelegate.m */,
				495486CB1DD0A48D00C10A6F /* Main.storyboard */,
				495486CE1DD0A48D00C10A6F /* Assets.xcassets */,
				495486D01DD0A48D00C10A6F /* LaunchScreen.storyboard */,
				495486D31DD0A48D00C10A6F /* Info.plist */,
				495486C21DD0A48D00C10A6F /* Supporting Files */,
			);
			path = Weather;
			sourceTree = "<group>";
		};
		495486C21DD0A48D00C10A6F /* Supporting Files */ = {
			isa = PBXGroup;
			children = (
				495486C31DD0A48D00C10A6F /* main.m */,
			);
			name = "Supporting Files";
			sourceTree = "<group>";
		};
		495486DB1DD0A48D00C10A6F /* WeatherTests */ = {
			isa = PBXGroup;
			children = (
				495486DC1DD0A48D00C10A6F /* WeatherTests.m */,
				495486DE1DD0A48D00C10A6F /* Info.plist */,
			);
			path = WeatherTests;
			sourceTree = "<group>";
		};
		495486E61DD0A48D00C10A6F /* WeatherUITests */ = {
			isa = PBXGroup;
			children = (
				495486E71DD0A48D00C10A6F /* WeatherUITests.m */,
				495486E91DD0A48D00C10A6F /* Info.plist */,
			);
			path = WeatherUITests;
			sourceTree = "<group>";
		};
		495486F51DD0B1D200C10A6F /* API */ = {
			isa = PBXGroup;
			children = (
				495486FA1DD0B24D00C10A6F /* ASDownloadManager.h */,
				495486FB1DD0B24D00C10A6F /* ASDownloadManager.m */,
			);
			name = API;
			sourceTree = "<group>";
		};
		495486F61DD0B1DD00C10A6F /* Model */ = {
			isa = PBXGroup;
			children = (
				495486FD1DD0B70D00C10A6F /* ASStation.h */,
				495486FE1DD0B70D00C10A6F /* ASStation.m */,
				B1845E2D1DD309B600D34ACA /* ASStationResponse.h */,
				B1845E2E1DD309B600D34ACA /* ASStationResponse.m */,
			);
			name = Model;
			sourceTree = "<group>";
		};
		495486F81DD0B1F600C10A6F /* Controller */ = {
			isa = PBXGroup;
			children = (
				495486C81DD0A48D00C10A6F /* ASViewController.h */,
				495486C91DD0A48D00C10A6F /* ASViewController.m */,
				B1845E301DD312FF00D34ACA /* ASTextViewController.h */,
				B1845E311DD312FF00D34ACA /* ASTextViewController.m */,
			);
			name = Controller;
			sourceTree = "<group>";
		};
		495486F91DD0B20500C10A6F /* View */ = {
			isa = PBXGroup;
			children = (
				495487041DD0E30700C10A6F /* ASStationTableViewCell.h */,
				495487051DD0E30700C10A6F /* ASStationTableViewCell.m */,
			);
			name = View;
			sourceTree = "<group>";
		};
		5B91E6262C7964203407AD05 /* Pods */ = {
			isa = PBXGroup;
			children = (
				B3FA80E63E5588D57E4EC711 /* Pods-Weather.debug.xcconfig */,
				23B7B94DB4A6AF7AABA903DB /* Pods-Weather.release.xcconfig */,
			);
			name = Pods;
			sourceTree = "<group>";
		};
		F94F39FF4CC881562BAB00F0 /* Frameworks */ = {
			isa = PBXGroup;
			children = (
				10B5F81C27639EC2886C9555 /* libPods-Weather.a */,
			);
			name = Frameworks;
			sourceTree = "<group>";
		};
/* End PBXGroup section */

/* Begin PBXNativeTarget section */
		495486BE1DD0A48D00C10A6F /* Weather */ = {
			isa = PBXNativeTarget;
			buildConfigurationList = 495486EC1DD0A48D00C10A6F /* Build configuration list for PBXNativeTarget "Weather" */;
			buildPhases = (
				EE11FEECA4FE08F182258B0E /* [CP] Check Pods Manifest.lock */,
				495486BB1DD0A48D00C10A6F /* Sources */,
				495486BC1DD0A48D00C10A6F /* Frameworks */,
				495486BD1DD0A48D00C10A6F /* Resources */,
				A816991C9D7316479DA03BD7 /* [CP] Embed Pods Frameworks */,
				AB872F6392535332AC13BF60 /* [CP] Copy Pods Resources */,
			);
			buildRules = (
			);
			dependencies = (
			);
			name = Weather;
			productName = Weather;
			productReference = 495486BF1DD0A48D00C10A6F /* Weather.app */;
			productType = "com.apple.product-type.application";
		};
		495486D71DD0A48D00C10A6F /* WeatherTests */ = {
			isa = PBXNativeTarget;
			buildConfigurationList = 495486EF1DD0A48D00C10A6F /* Build configuration list for PBXNativeTarget "WeatherTests" */;
			buildPhases = (
				495486D41DD0A48D00C10A6F /* Sources */,
				495486D51DD0A48D00C10A6F /* Frameworks */,
				495486D61DD0A48D00C10A6F /* Resources */,
			);
			buildRules = (
			);
			dependencies = (
				495486DA1DD0A48D00C10A6F /* PBXTargetDependency */,
			);
			name = WeatherTests;
			productName = WeatherTests;
			productReference = 495486D81DD0A48D00C10A6F /* WeatherTests.xctest */;
			productType = "com.apple.product-type.bundle.unit-test";
		};
		495486E21DD0A48D00C10A6F /* WeatherUITests */ = {
			isa = PBXNativeTarget;
			buildConfigurationList = 495486F21DD0A48D00C10A6F /* Build configuration list for PBXNativeTarget "WeatherUITests" */;
			buildPhases = (
				495486DF1DD0A48D00C10A6F /* Sources */,
				495486E01DD0A48D00C10A6F /* Frameworks */,
				495486E11DD0A48D00C10A6F /* Resources */,
			);
			buildRules = (
			);
			dependencies = (
				495486E51DD0A48D00C10A6F /* PBXTargetDependency */,
			);
			name = WeatherUITests;
			productName = WeatherUITests;
			productReference = 495486E31DD0A48D00C10A6F /* WeatherUITests.xctest */;
			productType = "com.apple.product-type.bundle.ui-testing";
		};
/* End PBXNativeTarget section */

/* Begin PBXProject section */
		495486B71DD0A48D00C10A6F /* Project object */ = {
			isa = PBXProject;
			attributes = {
				LastUpgradeCheck = 0730;
				ORGANIZATIONNAME = "Andrew Soroka";
				TargetAttributes = {
					495486BE1DD0A48D00C10A6F = {
						CreatedOnToolsVersion = 7.3.1;
						ProvisioningStyle = Automatic;
					};
					495486D71DD0A48D00C10A6F = {
						CreatedOnToolsVersion = 7.3.1;
						TestTargetID = 495486BE1DD0A48D00C10A6F;
					};
					495486E21DD0A48D00C10A6F = {
						CreatedOnToolsVersion = 7.3.1;
						TestTargetID = 495486BE1DD0A48D00C10A6F;
					};
				};
			};
			buildConfigurationList = 495486BA1DD0A48D00C10A6F /* Build configuration list for PBXProject "Weather" */;
			compatibilityVersion = "Xcode 3.2";
			developmentRegion = English;
			hasScannedForEncodings = 0;
			knownRegions = (
				en,
				Base,
			);
			mainGroup = 495486B61DD0A48D00C10A6F;
			productRefGroup = 495486C01DD0A48D00C10A6F /* Products */;
			projectDirPath = "";
			projectRoot = "";
			targets = (
				495486BE1DD0A48D00C10A6F /* Weather */,
				495486D71DD0A48D00C10A6F /* WeatherTests */,
				495486E21DD0A48D00C10A6F /* WeatherUITests */,
			);
		};
/* End PBXProject section */

/* Begin PBXResourcesBuildPhase section */
		495486BD1DD0A48D00C10A6F /* Resources */ = {
			isa = PBXResourcesBuildPhase;
			buildActionMask = 2147483647;
			files = (
				495486D21DD0A48D00C10A6F /* LaunchScreen.storyboard in Resources */,
				495486CF1DD0A48D00C10A6F /* Assets.xcassets in Resources */,
				495486CD1DD0A48D00C10A6F /* Main.storyboard in Resources */,
			);
			runOnlyForDeploymentPostprocessing = 0;
		};
		495486D61DD0A48D00C10A6F /* Resources */ = {
			isa = PBXResourcesBuildPhase;
			buildActionMask = 2147483647;
			files = (
			);
			runOnlyForDeploymentPostprocessing = 0;
		};
		495486E11DD0A48D00C10A6F /* Resources */ = {
			isa = PBXResourcesBuildPhase;
			buildActionMask = 2147483647;
			files = (
			);
			runOnlyForDeploymentPostprocessing = 0;
		};
/* End PBXResourcesBuildPhase section */

/* Begin PBXShellScriptBuildPhase section */
		A816991C9D7316479DA03BD7 /* [CP] Embed Pods Frameworks */ = {
			isa = PBXShellScriptBuildPhase;
			buildActionMask = 2147483647;
			files = (
			);
			inputPaths = (
			);
			name = "[CP] Embed Pods Frameworks";
			outputPaths = (
			);
			runOnlyForDeploymentPostprocessing = 0;
			shellPath = /bin/sh;
			shellScript = "\"${SRCROOT}/Pods/Target Support Files/Pods-Weather/Pods-Weather-frameworks.sh\"\n";
			showEnvVarsInLog = 0;
		};
		AB872F6392535332AC13BF60 /* [CP] Copy Pods Resources */ = {
			isa = PBXShellScriptBuildPhase;
			buildActionMask = 2147483647;
			files = (
			);
			inputPaths = (
			);
			name = "[CP] Copy Pods Resources";
			outputPaths = (
			);
			runOnlyForDeploymentPostprocessing = 0;
			shellPath = /bin/sh;
			shellScript = "\"${SRCROOT}/Pods/Target Support Files/Pods-Weather/Pods-Weather-resources.sh\"\n";
			showEnvVarsInLog = 0;
		};
		EE11FEECA4FE08F182258B0E /* [CP] Check Pods Manifest.lock */ = {
			isa = PBXShellScriptBuildPhase;
			buildActionMask = 2147483647;
			files = (
			);
			inputPaths = (
			);
			name = "[CP] Check Pods Manifest.lock";
			outputPaths = (
			);
			runOnlyForDeploymentPostprocessing = 0;
			shellPath = /bin/sh;
			shellScript = "diff \"${PODS_ROOT}/../Podfile.lock\" \"${PODS_ROOT}/Manifest.lock\" > /dev/null\nif [[ $? != 0 ]] ; then\n    cat << EOM\nerror: The sandbox is not in sync with the Podfile.lock. Run 'pod install' or update your CocoaPods installation.\nEOM\n    exit 1\nfi\n";
			showEnvVarsInLog = 0;
		};
/* End PBXShellScriptBuildPhase section */

/* Begin PBXSourcesBuildPhase section */
		495486BB1DD0A48D00C10A6F /* Sources */ = {
			isa = PBXSourcesBuildPhase;
			buildActionMask = 2147483647;
			files = (
				495486CA1DD0A48D00C10A6F /* ASViewController.m in Sources */,
				495486FC1DD0B24D00C10A6F /* ASDownloadManager.m in Sources */,
				495487061DD0E30700C10A6F /* ASStationTableViewCell.m in Sources */,
				B1845E2F1DD309B600D34ACA /* ASStationResponse.m in Sources */,
				495486FF1DD0B70D00C10A6F /* ASStation.m in Sources */,
				B1845E321DD312FF00D34ACA /* ASTextViewController.m in Sources */,
				495486C71DD0A48D00C10A6F /* AppDelegate.m in Sources */,
				495486C41DD0A48D00C10A6F /* main.m in Sources */,
			);
			runOnlyForDeploymentPostprocessing = 0;
		};
		495486D41DD0A48D00C10A6F /* Sources */ = {
			isa = PBXSourcesBuildPhase;
			buildActionMask = 2147483647;
			files = (
				495486DD1DD0A48D00C10A6F /* WeatherTests.m in Sources */,
			);
			runOnlyForDeploymentPostprocessing = 0;
		};
		495486DF1DD0A48D00C10A6F /* Sources */ = {
			isa = PBXSourcesBuildPhase;
			buildActionMask = 2147483647;
			files = (
				495486E81DD0A48D00C10A6F /* WeatherUITests.m in Sources */,
			);
			runOnlyForDeploymentPostprocessing = 0;
		};
/* End PBXSourcesBuildPhase section */

/* Begin PBXTargetDependency section */
		495486DA1DD0A48D00C10A6F /* PBXTargetDependency */ = {
			isa = PBXTargetDependency;
			target = 495486BE1DD0A48D00C10A6F /* Weather */;
			targetProxy = 495486D91DD0A48D00C10A6F /* PBXContainerItemProxy */;
		};
		495486E51DD0A48D00C10A6F /* PBXTargetDependency */ = {
			isa = PBXTargetDependency;
			target = 495486BE1DD0A48D00C10A6F /* Weather */;
			targetProxy = 495486E41DD0A48D00C10A6F /* PBXContainerItemProxy */;
		};
/* End PBXTargetDependency section */

/* Begin PBXVariantGroup section */
		495486CB1DD0A48D00C10A6F /* Main.storyboard */ = {
			isa = PBXVariantGroup;
			children = (
				495486CC1DD0A48D00C10A6F /* Base */,
			);
			name = Main.storyboard;
			sourceTree = "<group>";
		};
		495486D01DD0A48D00C10A6F /* LaunchScreen.storyboard */ = {
			isa = PBXVariantGroup;
			children = (
				495486D11DD0A48D00C10A6F /* Base */,
			);
			name = LaunchScreen.storyboard;
			sourceTree = "<group>";
		};
/* End PBXVariantGroup section */

/* Begin XCBuildConfiguration section */
		495486EA1DD0A48D00C10A6F /* Debug */ = {
			isa = XCBuildConfiguration;
			buildSettings = {
				ALWAYS_SEARCH_USER_PATHS = NO;
				CLANG_ANALYZER_NONNULL = YES;
				CLANG_CXX_LANGUAGE_STANDARD = "gnu++0x";
				CLANG_CXX_LIBRARY = "libc++";
				CLANG_ENABLE_MODULES = YES;
				CLANG_ENABLE_OBJC_ARC = YES;
				CLANG_WARN_BOOL_CONVERSION = YES;
				CLANG_WARN_CONSTANT_CONVERSION = YES;
				CLANG_WARN_DIRECT_OBJC_ISA_USAGE = YES_ERROR;
				CLANG_WARN_EMPTY_BODY = YES;
				CLANG_WARN_ENUM_CONVERSION = YES;
				CLANG_WARN_INT_CONVERSION = YES;
				CLANG_WARN_OBJC_ROOT_CLASS = YES_ERROR;
				CLANG_WARN_UNREACHABLE_CODE = YES;
				CLANG_WARN__DUPLICATE_METHOD_MATCH = YES;
				"CODE_SIGN_IDENTITY[sdk=iphoneos*]" = "iPhone Developer";
				COPY_PHASE_STRIP = NO;
				DEBUG_INFORMATION_FORMAT = dwarf;
				ENABLE_STRICT_OBJC_MSGSEND = YES;
				ENABLE_TESTABILITY = YES;
				GCC_C_LANGUAGE_STANDARD = gnu99;
				GCC_DYNAMIC_NO_PIC = NO;
				GCC_NO_COMMON_BLOCKS = YES;
				GCC_OPTIMIZATION_LEVEL = 0;
				GCC_PREPROCESSOR_DEFINITIONS = (
					"DEBUG=1",
					"$(inherited)",
				);
				GCC_WARN_64_TO_32_BIT_CONVERSION = YES;
				GCC_WARN_ABOUT_RETURN_TYPE = YES_ERROR;
				GCC_WARN_UNDECLARED_SELECTOR = YES;
				GCC_WARN_UNINITIALIZED_AUTOS = YES_AGGRESSIVE;
				GCC_WARN_UNUSED_FUNCTION = YES;
				GCC_WARN_UNUSED_VARIABLE = YES;
				IPHONEOS_DEPLOYMENT_TARGET = 9.3;
				MTL_ENABLE_DEBUG_INFO = YES;
				ONLY_ACTIVE_ARCH = YES;
				SDKROOT = iphoneos;
				TARGETED_DEVICE_FAMILY = "1,2";
			};
			name = Debug;
		};
		495486EB1DD0A48D00C10A6F /* Release */ = {
			isa = XCBuildConfiguration;
			buildSettings = {
				ALWAYS_SEARCH_USER_PATHS = NO;
				CLANG_ANALYZER_NONNULL = YES;
				CLANG_CXX_LANGUAGE_STANDARD = "gnu++0x";
				CLANG_CXX_LIBRARY = "libc++";
				CLANG_ENABLE_MODULES = YES;
				CLANG_ENABLE_OBJC_ARC = YES;
				CLANG_WARN_BOOL_CONVERSION = YES;
				CLANG_WARN_CONSTANT_CONVERSION = YES;
				CLANG_WARN_DIRECT_OBJC_ISA_USAGE = YES_ERROR;
				CLANG_WARN_EMPTY_BODY = YES;
				CLANG_WARN_ENUM_CONVERSION = YES;
				CLANG_WARN_INT_CONVERSION = YES;
				CLANG_WARN_OBJC_ROOT_CLASS = YES_ERROR;
				CLANG_WARN_UNREACHABLE_CODE = YES;
				CLANG_WARN__DUPLICATE_METHOD_MATCH = YES;
				"CODE_SIGN_IDENTITY[sdk=iphoneos*]" = "iPhone Developer";
				COPY_PHASE_STRIP = NO;
				DEBUG_INFORMATION_FORMAT = "dwarf-with-dsym";
				ENABLE_NS_ASSERTIONS = NO;
				ENABLE_STRICT_OBJC_MSGSEND = YES;
				GCC_C_LANGUAGE_STANDARD = gnu99;
				GCC_NO_COMMON_BLOCKS = YES;
				GCC_WARN_64_TO_32_BIT_CONVERSION = YES;
				GCC_WARN_ABOUT_RETURN_TYPE = YES_ERROR;
				GCC_WARN_UNDECLARED_SELECTOR = YES;
				GCC_WARN_UNINITIALIZED_AUTOS = YES_AGGRESSIVE;
				GCC_WARN_UNUSED_FUNCTION = YES;
				GCC_WARN_UNUSED_VARIABLE = YES;
				IPHONEOS_DEPLOYMENT_TARGET = 9.3;
				MTL_ENABLE_DEBUG_INFO = NO;
				SDKROOT = iphoneos;
				TARGETED_DEVICE_FAMILY = "1,2";
				VALIDATE_PRODUCT = YES;
			};
			name = Release;
		};
		495486ED1DD0A48D00C10A6F /* Debug */ = {
			isa = XCBuildConfiguration;
			baseConfigurationReference = B3FA80E63E5588D57E4EC711 /* Pods-Weather.debug.xcconfig */;
			buildSettings = {
				ASSETCATALOG_COMPILER_APPICON_NAME = AppIcon;
				CODE_SIGN_IDENTITY = "iPhone Developer";
				"CODE_SIGN_IDENTITY[sdk=iphoneos*]" = "iPhone Developer";
				DEVELOPMENT_TEAM = "";
				INFOPLIST_FILE = Weather/Info.plist;
				LD_RUNPATH_SEARCH_PATHS = "$(inherited) @executable_path/Frameworks";
				PRODUCT_BUNDLE_IDENTIFIER = AS.Weather;
				PRODUCT_NAME = "$(TARGET_NAME)";
			};
			name = Debug;
		};
		495486EE1DD0A48D00C10A6F /* Release */ = {
			isa = XCBuildConfiguration;
			baseConfigurationReference = 23B7B94DB4A6AF7AABA903DB /* Pods-Weather.release.xcconfig */;
			buildSettings = {
				ASSETCATALOG_COMPILER_APPICON_NAME = AppIcon;
				CODE_SIGN_IDENTITY = "iPhone Developer";
				"CODE_SIGN_IDENTITY[sdk=iphoneos*]" = "iPhone Developer";
				DEVELOPMENT_TEAM = "";
				INFOPLIST_FILE = Weather/Info.plist;
				LD_RUNPATH_SEARCH_PATHS = "$(inherited) @executable_path/Frameworks";
				PRODUCT_BUNDLE_IDENTIFIER = AS.Weather;
				PRODUCT_NAME = "$(TARGET_NAME)";
			};
			name = Release;
		};
		495486F01DD0A48D00C10A6F /* Debug */ = {
			isa = XCBuildConfiguration;
			buildSettings = {
				BUNDLE_LOADER = "$(TEST_HOST)";
				INFOPLIST_FILE = WeatherTests/Info.plist;
				LD_RUNPATH_SEARCH_PATHS = "$(inherited) @executable_path/Frameworks @loader_path/Frameworks";
				PRODUCT_BUNDLE_IDENTIFIER = AS.WeatherTests;
				PRODUCT_NAME = "$(TARGET_NAME)";
				TEST_HOST = "$(BUILT_PRODUCTS_DIR)/Weather.app/Weather";
			};
			name = Debug;
		};
		495486F11DD0A48D00C10A6F /* Release */ = {
			isa = XCBuildConfiguration;
			buildSettings = {
				BUNDLE_LOADER = "$(TEST_HOST)";
				INFOPLIST_FILE = WeatherTests/Info.plist;
				LD_RUNPATH_SEARCH_PATHS = "$(inherited) @executable_path/Frameworks @loader_path/Frameworks";
				PRODUCT_BUNDLE_IDENTIFIER = AS.WeatherTests;
				PRODUCT_NAME = "$(TARGET_NAME)";
				TEST_HOST = "$(BUILT_PRODUCTS_DIR)/Weather.app/Weather";
			};
			name = Release;
		};
		495486F31DD0A48D00C10A6F /* Debug */ = {
			isa = XCBuildConfiguration;
			buildSettings = {
				INFOPLIST_FILE = WeatherUITests/Info.plist;
				LD_RUNPATH_SEARCH_PATHS = "$(inherited) @executable_path/Frameworks @loader_path/Frameworks";
				PRODUCT_BUNDLE_IDENTIFIER = AS.WeatherUITests;
				PRODUCT_NAME = "$(TARGET_NAME)";
				TEST_TARGET_NAME = Weather;
			};
			name = Debug;
		};
		495486F41DD0A48D00C10A6F /* Release */ = {
			isa = XCBuildConfiguration;
			buildSettings = {
				INFOPLIST_FILE = WeatherUITests/Info.plist;
				LD_RUNPATH_SEARCH_PATHS = "$(inherited) @executable_path/Frameworks @loader_path/Frameworks";
				PRODUCT_BUNDLE_IDENTIFIER = AS.WeatherUITests;
				PRODUCT_NAME = "$(TARGET_NAME)";
				TEST_TARGET_NAME = Weather;
			};
			name = Release;
		};
/* End XCBuildConfiguration section */

/* Begin XCConfigurationList section */
		495486BA1DD0A48D00C10A6F /* Build configuration list for PBXProject "Weather" */ = {
			isa = XCConfigurationList;
			buildConfigurations = (
				495486EA1DD0A48D00C10A6F /* Debug */,
				495486EB1DD0A48D00C10A6F /* Release */,
			);
			defaultConfigurationIsVisible = 0;
			defaultConfigurationName = Release;
		};
		495486EC1DD0A48D00C10A6F /* Build configuration list for PBXNativeTarget "Weather" */ = {
			isa = XCConfigurationList;
			buildConfigurations = (
				495486ED1DD0A48D00C10A6F /* Debug */,
				495486EE1DD0A48D00C10A6F /* Release */,
			);
			defaultConfigurationIsVisible = 0;
			defaultConfigurationName = Release;
		};
		495486EF1DD0A48D00C10A6F /* Build configuration list for PBXNativeTarget "WeatherTests" */ = {
			isa = XCConfigurationList;
			buildConfigurations = (
				495486F01DD0A48D00C10A6F /* Debug */,
				495486F11DD0A48D00C10A6F /* Release */,
			);
			defaultConfigurationIsVisible = 0;
			defaultConfigurationName = Release;
		};
		495486F21DD0A48D00C10A6F /* Build configuration list for PBXNativeTarget "WeatherUITests" */ = {
			isa = XCConfigurationList;
			buildConfigurations = (
				495486F31DD0A48D00C10A6F /* Debug */,
				495486F41DD0A48D00C10A6F /* Release */,
			);
			defaultConfigurationIsVisible = 0;
			defaultConfigurationName = Release;
		};
/* End XCConfigurationList section */
	};
	rootObject = 495486B71DD0A48D00C10A6F /* Project object */;
}
